
Microsoft Visual Studio Solution File, Format Version 12.00
# Visual Studio 2017
Project("{FAE04EC0-301F-11D3-BF4B-00C04F79EFBC}") = "Brain Calculator (Versioned)", "Brain Calculator (Versioned).csproj", "{47C7327B-75DB-73F4-F350-7E065B47972F}"
EndProject
Global
	GlobalSection(SolutionConfigurationPlatforms) = preSolution
		Debug|Any CPU = Debug|Any CPU
		Release|Any CPU = Release|Any CPU
	EndGlobalSection
	GlobalSection(ProjectConfigurationPlatforms) = postSolution
		{47C7327B-75DB-73F4-F350-7E065B47972F}.Debug|Any CPU.ActiveCfg = Debug|Any CPU
		{47C7327B-75DB-73F4-F350-7E065B47972F}.Debug|Any CPU.Build.0 = Debug|Any CPU
		{47C7327B-75DB-73F4-F350-7E065B47972F}.Release|Any CPU.ActiveCfg = Release|Any CPU
		{47C7327B-75DB-73F4-F350-7E065B47972F}.Release|Any CPU.Build.0 = Release|Any CPU
	EndGlobalSection
	GlobalSection(SolutionProperties) = preSolution
		HideSolutionNode = FALSE
	EndGlobalSection
EndGlobal
